// !$*UTF8*$!
{
	archiveVersion = 1;
	classes = {
	};
	objectVersion = 56;
	objects = {

/* Begin PBXBuildFile section */
		0C52E0C02C661B9A00C2A67F /* BookListView.swift in Sources */ = {isa = PBXBuildFile; fileRef = 0C52E0BD2C661B9A00C2A67F /* BookListView.swift */; };
		0C52E0C12C661B9A00C2A67F /* BookListViewModel.swift in Sources */ = {isa = PBXBuildFile; fileRef = 0C52E0BE2C661B9A00C2A67F /* BookListViewModel.swift */; };
		0C52E0C42C661C5D00C2A67F /* BookListContracts.swift in Sources */ = {isa = PBXBuildFile; fileRef = 0C52E0C32C661C5D00C2A67F /* BookListContracts.swift */; };
		0C52E0C92C661CC800C2A67F /* BookModel.swift in Sources */ = {isa = PBXBuildFile; fileRef = 0C52E0C62C661CC800C2A67F /* BookModel.swift */; };
		0C52E0CA2C661CC800C2A67F /* NetworkManager.swift in Sources */ = {isa = PBXBuildFile; fileRef = 0C52E0C82C661CC800C2A67F /* NetworkManager.swift */; };
		0C52E0CD2C66BDEF00C2A67F /* LocalDataService.swift in Sources */ = {isa = PBXBuildFile; fileRef = 0C52E0CC2C66BDEF00C2A67F /* LocalDataService.swift */; };
		0C52E0CF2C66C07700C2A67F /* BookDataService.swift in Sources */ = {isa = PBXBuildFile; fileRef = 0C52E0CE2C66C07700C2A67F /* BookDataService.swift */; };
		0C52E0D22C66D23B00C2A67F /* DetailContracts.swift in Sources */ = {isa = PBXBuildFile; fileRef = 0C52E0D12C66D23B00C2A67F /* DetailContracts.swift */; };
		0C52E0D42C66D26200C2A67F /* DetailView.swift in Sources */ = {isa = PBXBuildFile; fileRef = 0C52E0D32C66D26200C2A67F /* DetailView.swift */; };
		0C52E0D62C66D26B00C2A67F /* DetailViewModel.swift in Sources */ = {isa = PBXBuildFile; fileRef = 0C52E0D52C66D26B00C2A67F /* DetailViewModel.swift */; };
		0C52E0D82C66D27500C2A67F /* DetailCoordinator.swift in Sources */ = {isa = PBXBuildFile; fileRef = 0C52E0D72C66D27500C2A67F /* DetailCoordinator.swift */; };
		0C52E0DC2C66D2B900C2A67F /* BookSubmissionContracts.swift in Sources */ = {isa = PBXBuildFile; fileRef = 0C52E0DB2C66D2B900C2A67F /* BookSubmissionContracts.swift */; };
		0C52E0DE2C66D2C700C2A67F /* BookSubmissionView.swift in Sources */ = {isa = PBXBuildFile; fileRef = 0C52E0DD2C66D2C700C2A67F /* BookSubmissionView.swift */; };
		0C52E0E02C66D2D200C2A67F /* BookSubmissionViewModel.swift in Sources */ = {isa = PBXBuildFile; fileRef = 0C52E0DF2C66D2D200C2A67F /* BookSubmissionViewModel.swift */; };
		0C52E0E22C66D2E200C2A67F /* BookSubmissionCoordinator.swift in Sources */ = {isa = PBXBuildFile; fileRef = 0C52E0E12C66D2E200C2A67F /* BookSubmissionCoordinator.swift */; };
		2FCE1CE92C5E57CA00483264 /* AppDelegate.swift in Sources */ = {isa = PBXBuildFile; fileRef = 2FCE1CE82C5E57CA00483264 /* AppDelegate.swift */; };
		2FCE1CEB2C5E57CA00483264 /* SceneDelegate.swift in Sources */ = {isa = PBXBuildFile; fileRef = 2FCE1CEA2C5E57CA00483264 /* SceneDelegate.swift */; };
		2FCE1CF22C5E57CC00483264 /* Assets.xcassets in Resources */ = {isa = PBXBuildFile; fileRef = 2FCE1CF12C5E57CC00483264 /* Assets.xcassets */; };
		2FCE1CF52C5E57CC00483264 /* LaunchScreen.storyboard in Resources */ = {isa = PBXBuildFile; fileRef = 2FCE1CF32C5E57CC00483264 /* LaunchScreen.storyboard */; };
		2FCE1D002C5E57CC00483264 /* EverGreenTests.swift in Sources */ = {isa = PBXBuildFile; fileRef = 2FCE1CFF2C5E57CC00483264 /* EverGreenTests.swift */; };
		2FCE1D0A2C5E57CC00483264 /* EverGreenUITests.swift in Sources */ = {isa = PBXBuildFile; fileRef = 2FCE1D092C5E57CC00483264 /* EverGreenUITests.swift */; };
		2FCE1D0C2C5E57CC00483264 /* EverGreenUITestsLaunchTests.swift in Sources */ = {isa = PBXBuildFile; fileRef = 2FCE1D0B2C5E57CC00483264 /* EverGreenUITestsLaunchTests.swift */; };
		2FCE1D202C5E6DE300483264 /* AppCoordinator.swift in Sources */ = {isa = PBXBuildFile; fileRef = 2FCE1D1F2C5E6DE300483264 /* AppCoordinator.swift */; };
		2FCE1D252C5E6E4C00483264 /* Coordinator.swift in Sources */ = {isa = PBXBuildFile; fileRef = 2FCE1D242C5E6E4C00483264 /* Coordinator.swift */; };
		2FCE1D272C5E6EE100483264 /* BookListCoordinator.swift in Sources */ = {isa = PBXBuildFile; fileRef = 2FCE1D262C5E6EE100483264 /* BookListCoordinator.swift */; };
/* End PBXBuildFile section */

/* Begin PBXContainerItemProxy section */
		2FCE1CFC2C5E57CC00483264 /* PBXContainerItemProxy */ = {
			isa = PBXContainerItemProxy;
			containerPortal = 2FCE1CDD2C5E57CA00483264 /* Project object */;
			proxyType = 1;
			remoteGlobalIDString = 2FCE1CE42C5E57CA00483264;
			remoteInfo = EverGreen;
		};
		2FCE1D062C5E57CC00483264 /* PBXContainerItemProxy */ = {
			isa = PBXContainerItemProxy;
			containerPortal = 2FCE1CDD2C5E57CA00483264 /* Project object */;
			proxyType = 1;
			remoteGlobalIDString = 2FCE1CE42C5E57CA00483264;
			remoteInfo = EverGreen;
		};
/* End PBXContainerItemProxy section */

/* Begin PBXFileReference section */
		0C52E0BD2C661B9A00C2A67F /* BookListView.swift */ = {isa = PBXFileReference; fileEncoding = 4; lastKnownFileType = sourcecode.swift; path = BookListView.swift; sourceTree = "<group>"; };
		0C52E0BE2C661B9A00C2A67F /* BookListViewModel.swift */ = {isa = PBXFileReference; fileEncoding = 4; lastKnownFileType = sourcecode.swift; path = BookListViewModel.swift; sourceTree = "<group>"; };
		0C52E0C32C661C5D00C2A67F /* BookListContracts.swift */ = {isa = PBXFileReference; fileEncoding = 4; lastKnownFileType = sourcecode.swift; path = BookListContracts.swift; sourceTree = "<group>"; };
		0C52E0C62C661CC800C2A67F /* BookModel.swift */ = {isa = PBXFileReference; fileEncoding = 4; lastKnownFileType = sourcecode.swift; path = BookModel.swift; sourceTree = "<group>"; };
		0C52E0C82C661CC800C2A67F /* NetworkManager.swift */ = {isa = PBXFileReference; fileEncoding = 4; lastKnownFileType = sourcecode.swift; path = NetworkManager.swift; sourceTree = "<group>"; };
		0C52E0CC2C66BDEF00C2A67F /* LocalDataService.swift */ = {isa = PBXFileReference; lastKnownFileType = sourcecode.swift; name = LocalDataService.swift; path = EverGreen/LocalDataService.swift; sourceTree = SOURCE_ROOT; };
		0C52E0CE2C66C07700C2A67F /* BookDataService.swift */ = {isa = PBXFileReference; lastKnownFileType = sourcecode.swift; path = BookDataService.swift; sourceTree = "<group>"; };
		0C52E0D12C66D23B00C2A67F /* DetailContracts.swift */ = {isa = PBXFileReference; lastKnownFileType = sourcecode.swift; path = DetailContracts.swift; sourceTree = "<group>"; };
		0C52E0D32C66D26200C2A67F /* DetailView.swift */ = {isa = PBXFileReference; lastKnownFileType = sourcecode.swift; path = DetailView.swift; sourceTree = "<group>"; };
		0C52E0D52C66D26B00C2A67F /* DetailViewModel.swift */ = {isa = PBXFileReference; lastKnownFileType = sourcecode.swift; path = DetailViewModel.swift; sourceTree = "<group>"; };
		0C52E0D72C66D27500C2A67F /* DetailCoordinator.swift */ = {isa = PBXFileReference; lastKnownFileType = sourcecode.swift; path = DetailCoordinator.swift; sourceTree = "<group>"; };
		0C52E0DB2C66D2B900C2A67F /* BookSubmissionContracts.swift */ = {isa = PBXFileReference; lastKnownFileType = sourcecode.swift; path = BookSubmissionContracts.swift; sourceTree = "<group>"; };
		0C52E0DD2C66D2C700C2A67F /* BookSubmissionView.swift */ = {isa = PBXFileReference; lastKnownFileType = sourcecode.swift; path = BookSubmissionView.swift; sourceTree = "<group>"; };
		0C52E0DF2C66D2D200C2A67F /* BookSubmissionViewModel.swift */ = {isa = PBXFileReference; lastKnownFileType = sourcecode.swift; path = BookSubmissionViewModel.swift; sourceTree = "<group>"; };
		0C52E0E12C66D2E200C2A67F /* BookSubmissionCoordinator.swift */ = {isa = PBXFileReference; lastKnownFileType = sourcecode.swift; path = BookSubmissionCoordinator.swift; sourceTree = "<group>"; };
		2FCE1CE52C5E57CA00483264 /* EverGreen.app */ = {isa = PBXFileReference; explicitFileType = wrapper.application; includeInIndex = 0; path = EverGreen.app; sourceTree = BUILT_PRODUCTS_DIR; };
		2FCE1CE82C5E57CA00483264 /* AppDelegate.swift */ = {isa = PBXFileReference; lastKnownFileType = sourcecode.swift; path = AppDelegate.swift; sourceTree = "<group>"; };
		2FCE1CEA2C5E57CA00483264 /* SceneDelegate.swift */ = {isa = PBXFileReference; lastKnownFileType = sourcecode.swift; path = SceneDelegate.swift; sourceTree = "<group>"; };
		2FCE1CF12C5E57CC00483264 /* Assets.xcassets */ = {isa = PBXFileReference; lastKnownFileType = folder.assetcatalog; path = Assets.xcassets; sourceTree = "<group>"; };
		2FCE1CF42C5E57CC00483264 /* Base */ = {isa = PBXFileReference; lastKnownFileType = file.storyboard; name = Base; path = Base.lproj/LaunchScreen.storyboard; sourceTree = "<group>"; };
		2FCE1CF62C5E57CC00483264 /* Info.plist */ = {isa = PBXFileReference; lastKnownFileType = text.plist.xml; path = Info.plist; sourceTree = "<group>"; };
		2FCE1CFB2C5E57CC00483264 /* EverGreenTests.xctest */ = {isa = PBXFileReference; explicitFileType = wrapper.cfbundle; includeInIndex = 0; path = EverGreenTests.xctest; sourceTree = BUILT_PRODUCTS_DIR; };
		2FCE1CFF2C5E57CC00483264 /* EverGreenTests.swift */ = {isa = PBXFileReference; lastKnownFileType = sourcecode.swift; path = EverGreenTests.swift; sourceTree = "<group>"; };
		2FCE1D052C5E57CC00483264 /* EverGreenUITests.xctest */ = {isa = PBXFileReference; explicitFileType = wrapper.cfbundle; includeInIndex = 0; path = EverGreenUITests.xctest; sourceTree = BUILT_PRODUCTS_DIR; };
		2FCE1D092C5E57CC00483264 /* EverGreenUITests.swift */ = {isa = PBXFileReference; lastKnownFileType = sourcecode.swift; path = EverGreenUITests.swift; sourceTree = "<group>"; };
		2FCE1D0B2C5E57CC00483264 /* EverGreenUITestsLaunchTests.swift */ = {isa = PBXFileReference; lastKnownFileType = sourcecode.swift; path = EverGreenUITestsLaunchTests.swift; sourceTree = "<group>"; };
		2FCE1D1F2C5E6DE300483264 /* AppCoordinator.swift */ = {isa = PBXFileReference; lastKnownFileType = sourcecode.swift; path = AppCoordinator.swift; sourceTree = "<group>"; };
		2FCE1D242C5E6E4C00483264 /* Coordinator.swift */ = {isa = PBXFileReference; lastKnownFileType = sourcecode.swift; path = Coordinator.swift; sourceTree = "<group>"; };
		2FCE1D262C5E6EE100483264 /* BookListCoordinator.swift */ = {isa = PBXFileReference; lastKnownFileType = sourcecode.swift; path = BookListCoordinator.swift; sourceTree = "<group>"; };
/* End PBXFileReference section */

/* Begin PBXFrameworksBuildPhase section */
		2FCE1CE22C5E57CA00483264 /* Frameworks */ = {
			isa = PBXFrameworksBuildPhase;
			buildActionMask = 2147483647;
			files = (
			);
			runOnlyForDeploymentPostprocessing = 0;
		};
		2FCE1CF82C5E57CC00483264 /* Frameworks */ = {
			isa = PBXFrameworksBuildPhase;
			buildActionMask = 2147483647;
			files = (
			);
			runOnlyForDeploymentPostprocessing = 0;
		};
		2FCE1D022C5E57CC00483264 /* Frameworks */ = {
			isa = PBXFrameworksBuildPhase;
			buildActionMask = 2147483647;
			files = (
			);
			runOnlyForDeploymentPostprocessing = 0;
		};
/* End PBXFrameworksBuildPhase section */

/* Begin PBXGroup section */
		0C52E0C52C661CA000C2A67F /* Network */ = {
			isa = PBXGroup;
			children = (
				0C52E0C62C661CC800C2A67F /* BookModel.swift */,
				0C52E0C72C661CC800C2A67F /* Manager */,
			);
			path = Network;
			sourceTree = "<group>";
		};
		0C52E0C72C661CC800C2A67F /* Manager */ = {
			isa = PBXGroup;
			children = (
				0C52E0C82C661CC800C2A67F /* NetworkManager.swift */,
			);
			path = Manager;
			sourceTree = "<group>";
		};
		0C52E0CB2C66BDD300C2A67F /* LocalData */ = {
			isa = PBXGroup;
			children = (
				0C52E0CC2C66BDEF00C2A67F /* LocalDataService.swift */,
			);
			path = LocalData;
			sourceTree = "<group>";
		};
		0C52E0D02C66D22200C2A67F /* Detail */ = {
			isa = PBXGroup;
			children = (
				0C52E0D12C66D23B00C2A67F /* DetailContracts.swift */,
				0C52E0D32C66D26200C2A67F /* DetailView.swift */,
				0C52E0D52C66D26B00C2A67F /* DetailViewModel.swift */,
				0C52E0D72C66D27500C2A67F /* DetailCoordinator.swift */,
			);
			path = Detail;
			sourceTree = "<group>";
		};
		0C52E0D92C66D27E00C2A67F /* Common */ = {
			isa = PBXGroup;
			children = (
				0C52E0CE2C66C07700C2A67F /* BookDataService.swift */,
			);
			path = Common;
			sourceTree = "<group>";
		};
		0C52E0DA2C66D29C00C2A67F /* BookSubmission */ = {
			isa = PBXGroup;
			children = (
				0C52E0DB2C66D2B900C2A67F /* BookSubmissionContracts.swift */,
				0C52E0DD2C66D2C700C2A67F /* BookSubmissionView.swift */,
				0C52E0DF2C66D2D200C2A67F /* BookSubmissionViewModel.swift */,
				0C52E0E12C66D2E200C2A67F /* BookSubmissionCoordinator.swift */,
			);
			path = BookSubmission;
			sourceTree = "<group>";
		};
		2F6235EE2C5F6F700015C2E2 /* Resources */ = {
			isa = PBXGroup;
			children = (
				2FCE1CF12C5E57CC00483264 /* Assets.xcassets */,
				2FCE1CF32C5E57CC00483264 /* LaunchScreen.storyboard */,
			);
			path = Resources;
			sourceTree = "<group>";
		};
		2FCE1CDC2C5E57CA00483264 = {
			isa = PBXGroup;
			children = (
				2FCE1CE72C5E57CA00483264 /* EverGreen */,
				2FCE1CFE2C5E57CC00483264 /* EverGreenTests */,
				2FCE1D082C5E57CC00483264 /* EverGreenUITests */,
				2FCE1CE62C5E57CA00483264 /* Products */,
			);
			sourceTree = "<group>";
		};
		2FCE1CE62C5E57CA00483264 /* Products */ = {
			isa = PBXGroup;
			children = (
				2FCE1CE52C5E57CA00483264 /* EverGreen.app */,
				2FCE1CFB2C5E57CC00483264 /* EverGreenTests.xctest */,
				2FCE1D052C5E57CC00483264 /* EverGreenUITests.xctest */,
			);
			name = Products;
			sourceTree = "<group>";
		};
		2FCE1CE72C5E57CA00483264 /* EverGreen */ = {
			isa = PBXGroup;
			children = (
				2FCE1D1F2C5E6DE300483264 /* AppCoordinator.swift */,
				2FCE1CE82C5E57CA00483264 /* AppDelegate.swift */,
				2FCE1CEA2C5E57CA00483264 /* SceneDelegate.swift */,
				2FCE1D182C5E57E700483264 /* Core */,
				2FCE1D1C2C5E662400483264 /* Page */,
				2F6235EE2C5F6F700015C2E2 /* Resources */,
				2FCE1CF62C5E57CC00483264 /* Info.plist */,
			);
			path = EverGreen;
			sourceTree = "<group>";
		};
		2FCE1CFE2C5E57CC00483264 /* EverGreenTests */ = {
			isa = PBXGroup;
			children = (
				2FCE1CFF2C5E57CC00483264 /* EverGreenTests.swift */,
			);
			path = EverGreenTests;
			sourceTree = "<group>";
		};
		2FCE1D082C5E57CC00483264 /* EverGreenUITests */ = {
			isa = PBXGroup;
			children = (
				2FCE1D092C5E57CC00483264 /* EverGreenUITests.swift */,
				2FCE1D0B2C5E57CC00483264 /* EverGreenUITestsLaunchTests.swift */,
			);
			path = EverGreenUITests;
			sourceTree = "<group>";
		};
		2FCE1D182C5E57E700483264 /* Core */ = {
			isa = PBXGroup;
			children = (
				0C52E0CB2C66BDD300C2A67F /* LocalData */,
				0C52E0C52C661CA000C2A67F /* Network */,
				2FCE1D212C5E6DF700483264 /* Coordinator */,
			);
			path = Core;
			sourceTree = "<group>";
		};
		2FCE1D1C2C5E662400483264 /* Page */ = {
			isa = PBXGroup;
			children = (
				0C52E0D92C66D27E00C2A67F /* Common */,
				0C52E0DA2C66D29C00C2A67F /* BookSubmission */,
				0C52E0D02C66D22200C2A67F /* Detail */,
				2FCE1D1E2C5E676E00483264 /* Homepage */,
			);
			path = Page;
			sourceTree = "<group>";
		};
		2FCE1D1E2C5E676E00483264 /* Homepage */ = {
			isa = PBXGroup;
			children = (
				0C52E0C32C661C5D00C2A67F /* BookListContracts.swift */,
				0C52E0BD2C661B9A00C2A67F /* BookListView.swift */,
				0C52E0BE2C661B9A00C2A67F /* BookListViewModel.swift */,
				2FCE1D262C5E6EE100483264 /* BookListCoordinator.swift */,
			);
			path = Homepage;
			sourceTree = "<group>";
		};
		2FCE1D212C5E6DF700483264 /* Coordinator */ = {
			isa = PBXGroup;
			children = (
				2FCE1D242C5E6E4C00483264 /* Coordinator.swift */,
			);
			path = Coordinator;
			sourceTree = "<group>";
		};
/* End PBXGroup section */

/* Begin PBXNativeTarget section */
		2FCE1CE42C5E57CA00483264 /* EverGreen */ = {
			isa = PBXNativeTarget;
			buildConfigurationList = 2FCE1D0F2C5E57CC00483264 /* Build configuration list for PBXNativeTarget "EverGreen" */;
			buildPhases = (
				2FCE1CE12C5E57CA00483264 /* Sources */,
				2FCE1CE22C5E57CA00483264 /* Frameworks */,
				2FCE1CE32C5E57CA00483264 /* Resources */,
			);
			buildRules = (
			);
			dependencies = (
			);
			name = EverGreen;
			productName = EverGreen;
			productReference = 2FCE1CE52C5E57CA00483264 /* EverGreen.app */;
			productType = "com.apple.product-type.application";
		};
		2FCE1CFA2C5E57CC00483264 /* EverGreenTests */ = {
			isa = PBXNativeTarget;
			buildConfigurationList = 2FCE1D122C5E57CC00483264 /* Build configuration list for PBXNativeTarget "EverGreenTests" */;
			buildPhases = (
				2FCE1CF72C5E57CC00483264 /* Sources */,
				2FCE1CF82C5E57CC00483264 /* Frameworks */,
				2FCE1CF92C5E57CC00483264 /* Resources */,
			);
			buildRules = (
			);
			dependencies = (
				2FCE1CFD2C5E57CC00483264 /* PBXTargetDependency */,
			);
			name = EverGreenTests;
			productName = EverGreenTests;
			productReference = 2FCE1CFB2C5E57CC00483264 /* EverGreenTests.xctest */;
			productType = "com.apple.product-type.bundle.unit-test";
		};
		2FCE1D042C5E57CC00483264 /* EverGreenUITests */ = {
			isa = PBXNativeTarget;
			buildConfigurationList = 2FCE1D152C5E57CC00483264 /* Build configuration list for PBXNativeTarget "EverGreenUITests" */;
			buildPhases = (
				2FCE1D012C5E57CC00483264 /* Sources */,
				2FCE1D022C5E57CC00483264 /* Frameworks */,
				2FCE1D032C5E57CC00483264 /* Resources */,
			);
			buildRules = (
			);
			dependencies = (
				2FCE1D072C5E57CC00483264 /* PBXTargetDependency */,
			);
			name = EverGreenUITests;
			productName = EverGreenUITests;
			productReference = 2FCE1D052C5E57CC00483264 /* EverGreenUITests.xctest */;
			productType = "com.apple.product-type.bundle.ui-testing";
		};
/* End PBXNativeTarget section */

/* Begin PBXProject section */
		2FCE1CDD2C5E57CA00483264 /* Project object */ = {
			isa = PBXProject;
			attributes = {
				BuildIndependentTargetsInParallel = 1;
				LastSwiftUpdateCheck = 1500;
				LastUpgradeCheck = 1500;
				TargetAttributes = {
					2FCE1CE42C5E57CA00483264 = {
						CreatedOnToolsVersion = 15.0;
					};
					2FCE1CFA2C5E57CC00483264 = {
						CreatedOnToolsVersion = 15.0;
						TestTargetID = 2FCE1CE42C5E57CA00483264;
					};
					2FCE1D042C5E57CC00483264 = {
						CreatedOnToolsVersion = 15.0;
						TestTargetID = 2FCE1CE42C5E57CA00483264;
					};
				};
			};
			buildConfigurationList = 2FCE1CE02C5E57CA00483264 /* Build configuration list for PBXProject "EverGreen" */;
			compatibilityVersion = "Xcode 14.0";
			developmentRegion = en;
			hasScannedForEncodings = 0;
			knownRegions = (
				en,
				Base,
			);
			mainGroup = 2FCE1CDC2C5E57CA00483264;
			productRefGroup = 2FCE1CE62C5E57CA00483264 /* Products */;
			projectDirPath = "";
			projectRoot = "";
			targets = (
				2FCE1CE42C5E57CA00483264 /* EverGreen */,
				2FCE1CFA2C5E57CC00483264 /* EverGreenTests */,
				2FCE1D042C5E57CC00483264 /* EverGreenUITests */,
			);
		};
/* End PBXProject section */

/* Begin PBXResourcesBuildPhase section */
		2FCE1CE32C5E57CA00483264 /* Resources */ = {
			isa = PBXResourcesBuildPhase;
			buildActionMask = 2147483647;
			files = (
				2FCE1CF52C5E57CC00483264 /* LaunchScreen.storyboard in Resources */,
				2FCE1CF22C5E57CC00483264 /* Assets.xcassets in Resources */,
			);
			runOnlyForDeploymentPostprocessing = 0;
		};
		2FCE1CF92C5E57CC00483264 /* Resources */ = {
			isa = PBXResourcesBuildPhase;
			buildActionMask = 2147483647;
			files = (
			);
			runOnlyForDeploymentPostprocessing = 0;
		};
		2FCE1D032C5E57CC00483264 /* Resources */ = {
			isa = PBXResourcesBuildPhase;
			buildActionMask = 2147483647;
			files = (
			);
			runOnlyForDeploymentPostprocessing = 0;
		};
/* End PBXResourcesBuildPhase section */

/* Begin PBXSourcesBuildPhase section */
		2FCE1CE12C5E57CA00483264 /* Sources */ = {
			isa = PBXSourcesBuildPhase;
			buildActionMask = 2147483647;
			files = (
				0C52E0C92C661CC800C2A67F /* BookModel.swift in Sources */,
				2FCE1D202C5E6DE300483264 /* AppCoordinator.swift in Sources */,
				0C52E0DC2C66D2B900C2A67F /* BookSubmissionContracts.swift in Sources */,
				0C52E0DE2C66D2C700C2A67F /* BookSubmissionView.swift in Sources */,
				0C52E0C42C661C5D00C2A67F /* BookListContracts.swift in Sources */,
				0C52E0D42C66D26200C2A67F /* DetailView.swift in Sources */,
				0C52E0CD2C66BDEF00C2A67F /* LocalDataService.swift in Sources */,
				0C52E0CA2C661CC800C2A67F /* NetworkManager.swift in Sources */,
				0C52E0C02C661B9A00C2A67F /* BookListView.swift in Sources */,
				0C52E0E22C66D2E200C2A67F /* BookSubmissionCoordinator.swift in Sources */,
				0C52E0CF2C66C07700C2A67F /* BookDataService.swift in Sources */,
				0C52E0C12C661B9A00C2A67F /* BookListViewModel.swift in Sources */,
				0C52E0D82C66D27500C2A67F /* DetailCoordinator.swift in Sources */,
				0C52E0D22C66D23B00C2A67F /* DetailContracts.swift in Sources */,
				2FCE1D252C5E6E4C00483264 /* Coordinator.swift in Sources */,
				2FCE1CE92C5E57CA00483264 /* AppDelegate.swift in Sources */,
				2FCE1D272C5E6EE100483264 /* BookListCoordinator.swift in Sources */,
				0C52E0D62C66D26B00C2A67F /* DetailViewModel.swift in Sources */,
				2FCE1CEB2C5E57CA00483264 /* SceneDelegate.swift in Sources */,
				0C52E0E02C66D2D200C2A67F /* BookSubmissionViewModel.swift in Sources */,
			);
			runOnlyForDeploymentPostprocessing = 0;
		};
		2FCE1CF72C5E57CC00483264 /* Sources */ = {
			isa = PBXSourcesBuildPhase;
			buildActionMask = 2147483647;
			files = (
				2FCE1D002C5E57CC00483264 /* EverGreenTests.swift in Sources */,
			);
			runOnlyForDeploymentPostprocessing = 0;
		};
		2FCE1D012C5E57CC00483264 /* Sources */ = {
			isa = PBXSourcesBuildPhase;
			buildActionMask = 2147483647;
			files = (
				2FCE1D0A2C5E57CC00483264 /* EverGreenUITests.swift in Sources */,
				2FCE1D0C2C5E57CC00483264 /* EverGreenUITestsLaunchTests.swift in Sources */,
			);
			runOnlyForDeploymentPostprocessing = 0;
		};
/* End PBXSourcesBuildPhase section */

/* Begin PBXTargetDependency section */
		2FCE1CFD2C5E57CC00483264 /* PBXTargetDependency */ = {
			isa = PBXTargetDependency;
			target = 2FCE1CE42C5E57CA00483264 /* EverGreen */;
			targetProxy = 2FCE1CFC2C5E57CC00483264 /* PBXContainerItemProxy */;
		};
		2FCE1D072C5E57CC00483264 /* PBXTargetDependency */ = {
			isa = PBXTargetDependency;
			target = 2FCE1CE42C5E57CA00483264 /* EverGreen */;
			targetProxy = 2FCE1D062C5E57CC00483264 /* PBXContainerItemProxy */;
		};
/* End PBXTargetDependency section */

/* Begin PBXVariantGroup section */
		2FCE1CF32C5E57CC00483264 /* LaunchScreen.storyboard */ = {
			isa = PBXVariantGroup;
			children = (
				2FCE1CF42C5E57CC00483264 /* Base */,
			);
			name = LaunchScreen.storyboard;
			sourceTree = "<group>";
		};
/* End PBXVariantGroup section */

/* Begin XCBuildConfiguration section */
		2FCE1D0D2C5E57CC00483264 /* Debug */ = {
			isa = XCBuildConfiguration;
			buildSettings = {
				ALWAYS_SEARCH_USER_PATHS = NO;
				ASSETCATALOG_COMPILER_GENERATE_SWIFT_ASSET_SYMBOL_EXTENSIONS = YES;
				CLANG_ANALYZER_NONNULL = YES;
				CLANG_ANALYZER_NUMBER_OBJECT_CONVERSION = YES_AGGRESSIVE;
				CLANG_CXX_LANGUAGE_STANDARD = "gnu++20";
				CLANG_ENABLE_MODULES = YES;
				CLANG_ENABLE_OBJC_ARC = YES;
				CLANG_ENABLE_OBJC_WEAK = YES;
				CLANG_WARN_BLOCK_CAPTURE_AUTORELEASING = YES;
				CLANG_WARN_BOOL_CONVERSION = YES;
				CLANG_WARN_COMMA = YES;
				CLANG_WARN_CONSTANT_CONVERSION = YES;
				CLANG_WARN_DEPRECATED_OBJC_IMPLEMENTATIONS = YES;
				CLANG_WARN_DIRECT_OBJC_ISA_USAGE = YES_ERROR;
				CLANG_WARN_DOCUMENTATION_COMMENTS = YES;
				CLANG_WARN_EMPTY_BODY = YES;
				CLANG_WARN_ENUM_CONVERSION = YES;
				CLANG_WARN_INFINITE_RECURSION = YES;
				CLANG_WARN_INT_CONVERSION = YES;
				CLANG_WARN_NON_LITERAL_NULL_CONVERSION = YES;
				CLANG_WARN_OBJC_IMPLICIT_RETAIN_SELF = YES;
				CLANG_WARN_OBJC_LITERAL_CONVERSION = YES;
				CLANG_WARN_OBJC_ROOT_CLASS = YES_ERROR;
				CLANG_WARN_QUOTED_INCLUDE_IN_FRAMEWORK_HEADER = YES;
				CLANG_WARN_RANGE_LOOP_ANALYSIS = YES;
				CLANG_WARN_STRICT_PROTOTYPES = YES;
				CLANG_WARN_SUSPICIOUS_MOVE = YES;
				CLANG_WARN_UNGUARDED_AVAILABILITY = YES_AGGRESSIVE;
				CLANG_WARN_UNREACHABLE_CODE = YES;
				CLANG_WARN__DUPLICATE_METHOD_MATCH = YES;
				COPY_PHASE_STRIP = NO;
				DEBUG_INFORMATION_FORMAT = dwarf;
				ENABLE_STRICT_OBJC_MSGSEND = YES;
				ENABLE_TESTABILITY = YES;
				ENABLE_USER_SCRIPT_SANDBOXING = YES;
				GCC_C_LANGUAGE_STANDARD = gnu17;
				GCC_DYNAMIC_NO_PIC = NO;
				GCC_NO_COMMON_BLOCKS = YES;
				GCC_OPTIMIZATION_LEVEL = 0;
				GCC_PREPROCESSOR_DEFINITIONS = (
					"DEBUG=1",
					"$(inherited)",
				);
				GCC_WARN_64_TO_32_BIT_CONVERSION = YES;
				GCC_WARN_ABOUT_RETURN_TYPE = YES_ERROR;
				GCC_WARN_UNDECLARED_SELECTOR = YES;
				GCC_WARN_UNINITIALIZED_AUTOS = YES_AGGRESSIVE;
				GCC_WARN_UNUSED_FUNCTION = YES;
				GCC_WARN_UNUSED_VARIABLE = YES;
				IPHONEOS_DEPLOYMENT_TARGET = 13.0;
				LOCALIZATION_PREFERS_STRING_CATALOGS = YES;
				MTL_ENABLE_DEBUG_INFO = INCLUDE_SOURCE;
				MTL_FAST_MATH = YES;
				ONLY_ACTIVE_ARCH = YES;
				SDKROOT = iphoneos;
				SWIFT_ACTIVE_COMPILATION_CONDITIONS = "DEBUG $(inherited)";
				SWIFT_OPTIMIZATION_LEVEL = "-Onone";
			};
			name = Debug;
		};
		2FCE1D0E2C5E57CC00483264 /* Release */ = {
			isa = XCBuildConfiguration;
			buildSettings = {
				ALWAYS_SEARCH_USER_PATHS = NO;
				ASSETCATALOG_COMPILER_GENERATE_SWIFT_ASSET_SYMBOL_EXTENSIONS = YES;
				CLANG_ANALYZER_NONNULL = YES;
				CLANG_ANALYZER_NUMBER_OBJECT_CONVERSION = YES_AGGRESSIVE;
				CLANG_CXX_LANGUAGE_STANDARD = "gnu++20";
				CLANG_ENABLE_MODULES = YES;
				CLANG_ENABLE_OBJC_ARC = YES;
				CLANG_ENABLE_OBJC_WEAK = YES;
				CLANG_WARN_BLOCK_CAPTURE_AUTORELEASING = YES;
				CLANG_WARN_BOOL_CONVERSION = YES;
				CLANG_WARN_COMMA = YES;
				CLANG_WARN_CONSTANT_CONVERSION = YES;
				CLANG_WARN_DEPRECATED_OBJC_IMPLEMENTATIONS = YES;
				CLANG_WARN_DIRECT_OBJC_ISA_USAGE = YES_ERROR;
				CLANG_WARN_DOCUMENTATION_COMMENTS = YES;
				CLANG_WARN_EMPTY_BODY = YES;
				CLANG_WARN_ENUM_CONVERSION = YES;
				CLANG_WARN_INFINITE_RECURSION = YES;
				CLANG_WARN_INT_CONVERSION = YES;
				CLANG_WARN_NON_LITERAL_NULL_CONVERSION = YES;
				CLANG_WARN_OBJC_IMPLICIT_RETAIN_SELF = YES;
				CLANG_WARN_OBJC_LITERAL_CONVERSION = YES;
				CLANG_WARN_OBJC_ROOT_CLASS = YES_ERROR;
				CLANG_WARN_QUOTED_INCLUDE_IN_FRAMEWORK_HEADER = YES;
				CLANG_WARN_RANGE_LOOP_ANALYSIS = YES;
				CLANG_WARN_STRICT_PROTOTYPES = YES;
				CLANG_WARN_SUSPICIOUS_MOVE = YES;
				CLANG_WARN_UNGUARDED_AVAILABILITY = YES_AGGRESSIVE;
				CLANG_WARN_UNREACHABLE_CODE = YES;
				CLANG_WARN__DUPLICATE_METHOD_MATCH = YES;
				COPY_PHASE_STRIP = NO;
				DEBUG_INFORMATION_FORMAT = "dwarf-with-dsym";
				ENABLE_NS_ASSERTIONS = NO;
				ENABLE_STRICT_OBJC_MSGSEND = YES;
				ENABLE_USER_SCRIPT_SANDBOXING = YES;
				GCC_C_LANGUAGE_STANDARD = gnu17;
				GCC_NO_COMMON_BLOCKS = YES;
				GCC_WARN_64_TO_32_BIT_CONVERSION = YES;
				GCC_WARN_ABOUT_RETURN_TYPE = YES_ERROR;
				GCC_WARN_UNDECLARED_SELECTOR = YES;
				GCC_WARN_UNINITIALIZED_AUTOS = YES_AGGRESSIVE;
				GCC_WARN_UNUSED_FUNCTION = YES;
				GCC_WARN_UNUSED_VARIABLE = YES;
				IPHONEOS_DEPLOYMENT_TARGET = 13.0;
				LOCALIZATION_PREFERS_STRING_CATALOGS = YES;
				MTL_ENABLE_DEBUG_INFO = NO;
				MTL_FAST_MATH = YES;
				SDKROOT = iphoneos;
				SWIFT_COMPILATION_MODE = wholemodule;
				VALIDATE_PRODUCT = YES;
			};
			name = Release;
		};
		2FCE1D102C5E57CC00483264 /* Debug */ = {
			isa = XCBuildConfiguration;
			buildSettings = {
				ASSETCATALOG_COMPILER_APPICON_NAME = AppIcon;
				ASSETCATALOG_COMPILER_GLOBAL_ACCENT_COLOR_NAME = AccentColor;
				CODE_SIGN_STYLE = Automatic;
				CURRENT_PROJECT_VERSION = 1;
				DEVELOPMENT_TEAM = 2JFA76625J;
				GENERATE_INFOPLIST_FILE = YES;
				INFOPLIST_FILE = EverGreen/Info.plist;
				INFOPLIST_KEY_UIApplicationSupportsIndirectInputEvents = YES;
				INFOPLIST_KEY_UILaunchStoryboardName = LaunchScreen;
				INFOPLIST_KEY_UISupportedInterfaceOrientations_iPad = "UIInterfaceOrientationPortrait UIInterfaceOrientationPortraitUpsideDown UIInterfaceOrientationLandscapeLeft UIInterfaceOrientationLandscapeRight";
				INFOPLIST_KEY_UISupportedInterfaceOrientations_iPhone = "UIInterfaceOrientationPortrait UIInterfaceOrientationLandscapeLeft UIInterfaceOrientationLandscapeRight";
				IPHONEOS_DEPLOYMENT_TARGET = 13.0;
				LD_RUNPATH_SEARCH_PATHS = (
					"$(inherited)",
					"@executable_path/Frameworks",
				);
				MARKETING_VERSION = 1.0;
				PRODUCT_BUNDLE_IDENTIFIER = com.yourcompany.EverGreen;
				PRODUCT_NAME = "$(TARGET_NAME)";
				SWIFT_EMIT_LOC_STRINGS = YES;
				SWIFT_VERSION = 5.0;
				TARGETED_DEVICE_FAMILY = "1,2";
			};
			name = Debug;
		};
		2FCE1D112C5E57CC00483264 /* Release */ = {
			isa = XCBuildConfiguration;
			buildSettings = {
				ASSETCATALOG_COMPILER_APPICON_NAME = AppIcon;
				ASSETCATALOG_COMPILER_GLOBAL_ACCENT_COLOR_NAME = AccentColor;
				CODE_SIGN_STYLE = Automatic;
				CURRENT_PROJECT_VERSION = 1;
				DEVELOPMENT_TEAM = 2JFA76625J;
				GENERATE_INFOPLIST_FILE = YES;
				INFOPLIST_FILE = EverGreen/Info.plist;
				INFOPLIST_KEY_UIApplicationSupportsIndirectInputEvents = YES;
				INFOPLIST_KEY_UILaunchStoryboardName = LaunchScreen;
				INFOPLIST_KEY_UISupportedInterfaceOrientations_iPad = "UIInterfaceOrientationPortrait UIInterfaceOrientationPortraitUpsideDown UIInterfaceOrientationLandscapeLeft UIInterfaceOrientationLandscapeRight";
				INFOPLIST_KEY_UISupportedInterfaceOrientations_iPhone = "UIInterfaceOrientationPortrait UIInterfaceOrientationLandscapeLeft UIInterfaceOrientationLandscapeRight";
				IPHONEOS_DEPLOYMENT_TARGET = 13.0;
				LD_RUNPATH_SEARCH_PATHS = (
					"$(inherited)",
					"@executable_path/Frameworks",
				);
				MARKETING_VERSION = 1.0;
				PRODUCT_BUNDLE_IDENTIFIER = com.yourcompany.EverGreen;
				PRODUCT_NAME = "$(TARGET_NAME)";
				SWIFT_EMIT_LOC_STRINGS = YES;
				SWIFT_VERSION = 5.0;
				TARGETED_DEVICE_FAMILY = "1,2";
			};
			name = Release;
		};
		2FCE1D132C5E57CC00483264 /* Debug */ = {
			isa = XCBuildConfiguration;
			buildSettings = {
				ALWAYS_EMBED_SWIFT_STANDARD_LIBRARIES = YES;
				BUNDLE_LOADER = "$(TEST_HOST)";
				CODE_SIGN_STYLE = Automatic;
				CURRENT_PROJECT_VERSION = 1;
				DEVELOPMENT_TEAM = 2JFA76625J;
				GENERATE_INFOPLIST_FILE = YES;
				IPHONEOS_DEPLOYMENT_TARGET = 17.0;
				MARKETING_VERSION = 1.0;
				PRODUCT_BUNDLE_IDENTIFIER = com.yourcompany.EverGreenTests;
				PRODUCT_NAME = "$(TARGET_NAME)";
				SWIFT_EMIT_LOC_STRINGS = NO;
				SWIFT_VERSION = 5.0;
				TARGETED_DEVICE_FAMILY = "1,2";
				TEST_HOST = "$(BUILT_PRODUCTS_DIR)/EverGreen.app/$(BUNDLE_EXECUTABLE_FOLDER_PATH)/EverGreen";
			};
			name = Debug;
		};
		2FCE1D142C5E57CC00483264 /* Release */ = {
			isa = XCBuildConfiguration;
			buildSettings = {
				ALWAYS_EMBED_SWIFT_STANDARD_LIBRARIES = YES;
				BUNDLE_LOADER = "$(TEST_HOST)";
				CODE_SIGN_STYLE = Automatic;
				CURRENT_PROJECT_VERSION = 1;
				DEVELOPMENT_TEAM = 2JFA76625J;
				GENERATE_INFOPLIST_FILE = YES;
				IPHONEOS_DEPLOYMENT_TARGET = 17.0;
				MARKETING_VERSION = 1.0;
				PRODUCT_BUNDLE_IDENTIFIER = com.yourcompany.EverGreenTests;
				PRODUCT_NAME = "$(TARGET_NAME)";
				SWIFT_EMIT_LOC_STRINGS = NO;
				SWIFT_VERSION = 5.0;
				TARGETED_DEVICE_FAMILY = "1,2";
				TEST_HOST = "$(BUILT_PRODUCTS_DIR)/EverGreen.app/$(BUNDLE_EXECUTABLE_FOLDER_PATH)/EverGreen";
			};
			name = Release;
		};
		2FCE1D162C5E57CC00483264 /* Debug */ = {
			isa = XCBuildConfiguration;
			buildSettings = {
				ALWAYS_EMBED_SWIFT_STANDARD_LIBRARIES = YES;
				CODE_SIGN_STYLE = Automatic;
				CURRENT_PROJECT_VERSION = 1;
				DEVELOPMENT_TEAM = 2JFA76625J;
				GENERATE_INFOPLIST_FILE = YES;
				MARKETING_VERSION = 1.0;
				PRODUCT_BUNDLE_IDENTIFIER = com.yourcompany.EverGreenUITests;
				PRODUCT_NAME = "$(TARGET_NAME)";
				SWIFT_EMIT_LOC_STRINGS = NO;
				SWIFT_VERSION = 5.0;
				TARGETED_DEVICE_FAMILY = "1,2";
				TEST_TARGET_NAME = EverGreen;
			};
			name = Debug;
		};
		2FCE1D172C5E57CC00483264 /* Release */ = {
			isa = XCBuildConfiguration;
			buildSettings = {
				ALWAYS_EMBED_SWIFT_STANDARD_LIBRARIES = YES;
				CODE_SIGN_STYLE = Automatic;
				CURRENT_PROJECT_VERSION = 1;
				DEVELOPMENT_TEAM = 2JFA76625J;
				GENERATE_INFOPLIST_FILE = YES;
				MARKETING_VERSION = 1.0;
				PRODUCT_BUNDLE_IDENTIFIER = com.yourcompany.EverGreenUITests;
				PRODUCT_NAME = "$(TARGET_NAME)";
				SWIFT_EMIT_LOC_STRINGS = NO;
				SWIFT_VERSION = 5.0;
				TARGETED_DEVICE_FAMILY = "1,2";
				TEST_TARGET_NAME = EverGreen;
			};
			name = Release;
		};
/* End XCBuildConfiguration section */

/* Begin XCConfigurationList section */
		2FCE1CE02C5E57CA00483264 /* Build configuration list for PBXProject "EverGreen" */ = {
			isa = XCConfigurationList;
			buildConfigurations = (
				2FCE1D0D2C5E57CC00483264 /* Debug */,
				2FCE1D0E2C5E57CC00483264 /* Release */,
			);
			defaultConfigurationIsVisible = 0;
			defaultConfigurationName = Release;
		};
		2FCE1D0F2C5E57CC00483264 /* Build configuration list for PBXNativeTarget "EverGreen" */ = {
			isa = XCConfigurationList;
			buildConfigurations = (
				2FCE1D102C5E57CC00483264 /* Debug */,
				2FCE1D112C5E57CC00483264 /* Release */,
			);
			defaultConfigurationIsVisible = 0;
			defaultConfigurationName = Release;
		};
		2FCE1D122C5E57CC00483264 /* Build configuration list for PBXNativeTarget "EverGreenTests" */ = {
			isa = XCConfigurationList;
			buildConfigurations = (
				2FCE1D132C5E57CC00483264 /* Debug */,
				2FCE1D142C5E57CC00483264 /* Release */,
			);
			defaultConfigurationIsVisible = 0;
			defaultConfigurationName = Release;
		};
		2FCE1D152C5E57CC00483264 /* Build configuration list for PBXNativeTarget "EverGreenUITests" */ = {
			isa = XCConfigurationList;
			buildConfigurations = (
				2FCE1D162C5E57CC00483264 /* Debug */,
				2FCE1D172C5E57CC00483264 /* Release */,
			);
			defaultConfigurationIsVisible = 0;
			defaultConfigurationName = Release;
		};
/* End XCConfigurationList section */
	};
	rootObject = 2FCE1CDD2C5E57CA00483264 /* Project object */;
}
